
Microsoft Visual Studio Solution File, Format Version 12.00
# Visual Studio 15
VisualStudioVersion = 15.0.28010.2046
MinimumVisualStudioVersion = 10.0.40219.1
Project("{FAE04EC0-301F-11D3-BF4B-00C04F79EFBC}") = "StaticStorageSample.Android", "StaticStorageSample\StaticStorageSample.Android\StaticStorageSample.Android.csproj", "{0561AB00-893B-4300-93D7-EAB0F7D64C5D}"
EndProject
Project("{FAE04EC0-301F-11D3-BF4B-00C04F79EFBC}") = "StaticStorageSample.iOS", "StaticStorageSample\StaticStorageSample.iOS\StaticStorageSample.iOS.csproj", "{2CF50180-C78A-4C3F-95BD-C9D7CE8EC619}"
EndProject
Project("{FAE04EC0-301F-11D3-BF4B-00C04F79EFBC}") = "StaticStorageSample.UWP", "StaticStorageSample\StaticStorageSample.UWP\StaticStorageSample.UWP.csproj", "{5DE9E8DC-1842-494E-9403-E3C6DC0933ED}"
EndProject
Project("{FAE04EC0-301F-11D3-BF4B-00C04F79EFBC}") = "StaticStorageSample", "StaticStorageSample\StaticStorageSample\StaticStorageSample.csproj", "{CEBBBD41-B0FF-4373-9C59-7D7783252AC2}"
EndProject
Global
	GlobalSection(SolutionConfigurationPlatforms) = preSolution
		Ad-Hoc|Any CPU = Ad-Hoc|Any CPU
		Ad-Hoc|ARM = Ad-Hoc|ARM
		Ad-Hoc|iPhone = Ad-Hoc|iPhone
		Ad-Hoc|iPhoneSimulator = Ad-Hoc|iPhoneSimulator
		Ad-Hoc|x64 = Ad-Hoc|x64
		Ad-Hoc|x86 = Ad-Hoc|x86
		AppStore|Any CPU = AppStore|Any CPU
		AppStore|ARM = AppStore|ARM
		AppStore|iPhone = AppStore|iPhone
		AppStore|iPhoneSimulator = AppStore|iPhoneSimulator
		AppStore|x64 = AppStore|x64
		AppStore|x86 = AppStore|x86
		Debug|Any CPU = Debug|Any CPU
		Debug|ARM = Debug|ARM
		Debug|iPhone = Debug|iPhone
		Debug|iPhoneSimulator = Debug|iPhoneSimulator
		Debug|x64 = Debug|x64
		Debug|x86 = Debug|x86
		Release|Any CPU = Release|Any CPU
		Release|ARM = Release|ARM
		Release|iPhone = Release|iPhone
		Release|iPhoneSimulator = Release|iPhoneSimulator
		Release|x64 = Release|x64
		Release|x86 = Release|x86
	EndGlobalSection
	GlobalSection(ProjectConfigurationPlatforms) = postSolution
		{0561AB00-893B-4300-93D7-EAB0F7D64C5D}.Ad-Hoc|Any CPU.ActiveCfg = Release|Any CPU
		{0561AB00-893B-4300-93D7-EAB0F7D64C5D}.Ad-Hoc|Any CPU.Build.0 = Release|Any CPU
		{0561AB00-893B-4300-93D7-EAB0F7D64C5D}.Ad-Hoc|Any CPU.Deploy.0 = Release|Any CPU
		{0561AB00-893B-4300-93D7-EAB0F7D64C5D}.Ad-Hoc|ARM.ActiveCfg = Release|Any CPU
		{0561AB00-893B-4300-93D7-EAB0F7D64C5D}.Ad-Hoc|ARM.Build.0 = Release|Any CPU
		{0561AB00-893B-4300-93D7-EAB0F7D64C5D}.Ad-Hoc|ARM.Deploy.0 = Release|Any CPU
		{0561AB00-893B-4300-93D7-EAB0F7D64C5D}.Ad-Hoc|iPhone.ActiveCfg = Release|Any CPU
		{0561AB00-893B-4300-93D7-EAB0F7D64C5D}.Ad-Hoc|iPhone.Build.0 = Release|Any CPU
		{0561AB00-893B-4300-93D7-EAB0F7D64C5D}.Ad-Hoc|iPhone.Deploy.0 = Release|Any CPU
		{0561AB00-893B-4300-93D7-EAB0F7D64C5D}.Ad-Hoc|iPhoneSimulator.ActiveCfg = Release|Any CPU
		{0561AB00-893B-4300-93D7-EAB0F7D64C5D}.Ad-Hoc|iPhoneSimulator.Build.0 = Release|Any CPU
		{0561AB00-893B-4300-93D7-EAB0F7D64C5D}.Ad-Hoc|iPhoneSimulator.Deploy.0 = Release|Any CPU
		{0561AB00-893B-4300-93D7-EAB0F7D64C5D}.Ad-Hoc|x64.ActiveCfg = Release|Any CPU
		{0561AB00-893B-4300-93D7-EAB0F7D64C5D}.Ad-Hoc|x64.Build.0 = Release|Any CPU
		{0561AB00-893B-4300-93D7-EAB0F7D64C5D}.Ad-Hoc|x64.Deploy.0 = Release|Any CPU
		{0561AB00-893B-4300-93D7-EAB0F7D64C5D}.Ad-Hoc|x86.ActiveCfg = Release|Any CPU
		{0561AB00-893B-4300-93D7-EAB0F7D64C5D}.Ad-Hoc|x86.Build.0 = Release|Any CPU
		{0561AB00-893B-4300-93D7-EAB0F7D64C5D}.Ad-Hoc|x86.Deploy.0 = Release|Any CPU
		{0561AB00-893B-4300-93D7-EAB0F7D64C5D}.AppStore|Any CPU.ActiveCfg = Release|Any CPU
		{0561AB00-893B-4300-93D7-EAB0F7D64C5D}.AppStore|Any CPU.Build.0 = Release|Any CPU
		{0561AB00-893B-4300-93D7-EAB0F7D64C5D}.AppStore|Any CPU.Deploy.0 = Release|Any CPU
		{0561AB00-893B-4300-93D7-EAB0F7D64C5D}.AppStore|ARM.ActiveCfg = Release|Any CPU
		{0561AB00-893B-4300-93D7-EAB0F7D64C5D}.AppStore|ARM.Build.0 = Release|Any CPU
		{0561AB00-893B-4300-93D7-EAB0F7D64C5D}.AppStore|ARM.Deploy.0 = Release|Any CPU
		{0561AB00-893B-4300-93D7-EAB0F7D64C5D}.AppStore|iPhone.ActiveCfg = Release|Any CPU
		{0561AB00-893B-4300-93D7-EAB0F7D64C5D}.AppStore|iPhone.Build.0 = Release|Any CPU
		{0561AB00-893B-4300-93D7-EAB0F7D64C5D}.AppStore|iPhone.Deploy.0 = Release|Any CPU
		{0561AB00-893B-4300-93D7-EAB0F7D64C5D}.AppStore|iPhoneSimulator.ActiveCfg = Release|Any CPU
		{0561AB00-893B-4300-93D7-EAB0F7D64C5D}.AppStore|iPhoneSimulator.Build.0 = Release|Any CPU
		{0561AB00-893B-4300-93D7-EAB0F7D64C5D}.AppStore|iPhoneSimulator.Deploy.0 = Release|Any CPU
		{0561AB00-893B-4300-93D7-EAB0F7D64C5D}.AppStore|x64.ActiveCfg = Release|Any CPU
		{0561AB00-893B-4300-93D7-EAB0F7D64C5D}.AppStore|x64.Build.0 = Release|Any CPU
		{0561AB00-893B-4300-93D7-EAB0F7D64C5D}.AppStore|x64.Deploy.0 = Release|Any CPU
		{0561AB00-893B-4300-93D7-EAB0F7D64C5D}.AppStore|x86.ActiveCfg = Release|Any CPU
		{0561AB00-893B-4300-93D7-EAB0F7D64C5D}.AppStore|x86.Build.0 = Release|Any CPU
		{0561AB00-893B-4300-93D7-EAB0F7D64C5D}.AppStore|x86.Deploy.0 = Release|Any CPU
		{0561AB00-893B-4300-93D7-EAB0F7D64C5D}.Debug|Any CPU.ActiveCfg = Debug|Any CPU
		{0561AB00-893B-4300-93D7-EAB0F7D64C5D}.Debug|Any CPU.Build.0 = Debug|Any CPU
		{0561AB00-893B-4300-93D7-EAB0F7D64C5D}.Debug|Any CPU.Deploy.0 = Debug|Any CPU
		{0561AB00-893B-4300-93D7-EAB0F7D64C5D}.Debug|ARM.ActiveCfg = Debug|Any CPU
		{0561AB00-893B-4300-93D7-EAB0F7D64C5D}.Debug|ARM.Build.0 = Debug|Any CPU
		{0561AB00-893B-4300-93D7-EAB0F7D64C5D}.Debug|ARM.Deploy.0 = Debug|Any CPU
		{0561AB00-893B-4300-93D7-EAB0F7D64C5D}.Debug|iPhone.ActiveCfg = Debug|Any CPU
		{0561AB00-893B-4300-93D7-EAB0F7D64C5D}.Debug|iPhone.Build.0 = Debug|Any CPU
		{0561AB00-893B-4300-93D7-EAB0F7D64C5D}.Debug|iPhone.Deploy.0 = Debug|Any CPU
		{0561AB00-893B-4300-93D7-EAB0F7D64C5D}.Debug|iPhoneSimulator.ActiveCfg = Debug|Any CPU
		{0561AB00-893B-4300-93D7-EAB0F7D64C5D}.Debug|iPhoneSimulator.Build.0 = Debug|Any CPU
		{0561AB00-893B-4300-93D7-EAB0F7D64C5D}.Debug|iPhoneSimulator.Deploy.0 = Debug|Any CPU
		{0561AB00-893B-4300-93D7-EAB0F7D64C5D}.Debug|x64.ActiveCfg = Debug|Any CPU
		{0561AB00-893B-4300-93D7-EAB0F7D64C5D}.Debug|x64.Build.0 = Debug|Any CPU
		{0561AB00-893B-4300-93D7-EAB0F7D64C5D}.Debug|x64.Deploy.0 = Debug|Any CPU
		{0561AB00-893B-4300-93D7-EAB0F7D64C5D}.Debug|x86.ActiveCfg = Debug|Any CPU
		{0561AB00-893B-4300-93D7-EAB0F7D64C5D}.Debug|x86.Build.0 = Debug|Any CPU
		{0561AB00-893B-4300-93D7-EAB0F7D64C5D}.Debug|x86.Deploy.0 = Debug|Any CPU
		{0561AB00-893B-4300-93D7-EAB0F7D64C5D}.Release|Any CPU.ActiveCfg = Release|Any CPU
		{0561AB00-893B-4300-93D7-EAB0F7D64C5D}.Release|Any CPU.Build.0 = Release|Any CPU
		{0561AB00-893B-4300-93D7-EAB0F7D64C5D}.Release|Any CPU.Deploy.0 = Release|Any CPU
		{0561AB00-893B-4300-93D7-EAB0F7D64C5D}.Release|ARM.ActiveCfg = Release|Any CPU
		{0561AB00-893B-4300-93D7-EAB0F7D64C5D}.Release|ARM.Build.0 = Release|Any CPU
		{0561AB00-893B-4300-93D7-EAB0F7D64C5D}.Release|ARM.Deploy.0 = Release|Any CPU
		{0561AB00-893B-4300-93D7-EAB0F7D64C5D}.Release|iPhone.ActiveCfg = Release|Any CPU
		{0561AB00-893B-4300-93D7-EAB0F7D64C5D}.Release|iPhone.Build.0 = Release|Any CPU
		{0561AB00-893B-4300-93D7-EAB0F7D64C5D}.Release|iPhone.Deploy.0 = Release|Any CPU
		{0561AB00-893B-4300-93D7-EAB0F7D64C5D}.Release|iPhoneSimulator.ActiveCfg = Release|Any CPU
		{0561AB00-893B-4300-93D7-EAB0F7D64C5D}.Release|iPhoneSimulator.Build.0 = Release|Any CPU
		{0561AB00-893B-4300-93D7-EAB0F7D64C5D}.Release|iPhoneSimulator.Deploy.0 = Release|Any CPU
		{0561AB00-893B-4300-93D7-EAB0F7D64C5D}.Release|x64.ActiveCfg = Release|Any CPU
		{0561AB00-893B-4300-93D7-EAB0F7D64C5D}.Release|x64.Build.0 = Release|Any CPU
		{0561AB00-893B-4300-93D7-EAB0F7D64C5D}.Release|x64.Deploy.0 = Release|Any CPU
		{0561AB00-893B-4300-93D7-EAB0F7D64C5D}.Release|x86.ActiveCfg = Release|Any CPU
		{0561AB00-893B-4300-93D7-EAB0F7D64C5D}.Release|x86.Build.0 = Release|Any CPU
		{0561AB00-893B-4300-93D7-EAB0F7D64C5D}.Release|x86.Deploy.0 = Release|Any CPU
		{2CF50180-C78A-4C3F-95BD-C9D7CE8EC619}.Ad-Hoc|Any CPU.ActiveCfg = Ad-Hoc|iPhone
		{2CF50180-C78A-4C3F-95BD-C9D7CE8EC619}.Ad-Hoc|Any CPU.Build.0 = Ad-Hoc|iPhone
		{2CF50180-C78A-4C3F-95BD-C9D7CE8EC619}.Ad-Hoc|Any CPU.Deploy.0 = Ad-Hoc|iPhone
		{2CF50180-C78A-4C3F-95BD-C9D7CE8EC619}.Ad-Hoc|ARM.ActiveCfg = Ad-Hoc|iPhone
		{2CF50180-C78A-4C3F-95BD-C9D7CE8EC619}.Ad-Hoc|ARM.Build.0 = Ad-Hoc|iPhone
		{2CF50180-C78A-4C3F-95BD-C9D7CE8EC619}.Ad-Hoc|ARM.Deploy.0 = Ad-Hoc|iPhone
		{2CF50180-C78A-4C3F-95BD-C9D7CE8EC619}.Ad-Hoc|iPhone.ActiveCfg = Ad-Hoc|iPhone
		{2CF50180-C78A-4C3F-95BD-C9D7CE8EC619}.Ad-Hoc|iPhone.Build.0 = Ad-Hoc|iPhone
		{2CF50180-C78A-4C3F-95BD-C9D7CE8EC619}.Ad-Hoc|iPhone.Deploy.0 = Ad-Hoc|iPhone
		{2CF50180-C78A-4C3F-95BD-C9D7CE8EC619}.Ad-Hoc|iPhoneSimulator.ActiveCfg = Ad-Hoc|iPhoneSimulator
		{2CF50180-C78A-4C3F-95BD-C9D7CE8EC619}.Ad-Hoc|iPhoneSimulator.Build.0 = Ad-Hoc|iPhoneSimulator
		{2CF50180-C78A-4C3F-95BD-C9D7CE8EC619}.Ad-Hoc|iPhoneSimulator.Deploy.0 = Ad-Hoc|iPhoneSimulator
		{2CF50180-C78A-4C3F-95BD-C9D7CE8EC619}.Ad-Hoc|x64.ActiveCfg = Ad-Hoc|iPhone
		{2CF50180-C78A-4C3F-95BD-C9D7CE8EC619}.Ad-Hoc|x64.Build.0 = Ad-Hoc|iPhone
		{2CF50180-C78A-4C3F-95BD-C9D7CE8EC619}.Ad-Hoc|x64.Deploy.0 = Ad-Hoc|iPhone
		{2CF50180-C78A-4C3F-95BD-C9D7CE8EC619}.Ad-Hoc|x86.ActiveCfg = Ad-Hoc|iPhone
		{2CF50180-C78A-4C3F-95BD-C9D7CE8EC619}.Ad-Hoc|x86.Build.0 = Ad-Hoc|iPhone
		{2CF50180-C78A-4C3F-95BD-C9D7CE8EC619}.Ad-Hoc|x86.Deploy.0 = Ad-Hoc|iPhone
		{2CF50180-C78A-4C3F-95BD-C9D7CE8EC619}.AppStore|Any CPU.ActiveCfg = AppStore|iPhone
		{2CF50180-C78A-4C3F-95BD-C9D7CE8EC619}.AppStore|Any CPU.Build.0 = AppStore|iPhone
		{2CF50180-C78A-4C3F-95BD-C9D7CE8EC619}.AppStore|Any CPU.Deploy.0 = AppStore|iPhone
		{2CF50180-C78A-4C3F-95BD-C9D7CE8EC619}.AppStore|ARM.ActiveCfg = AppStore|iPhone
		{2CF50180-C78A-4C3F-95BD-C9D7CE8EC619}.AppStore|ARM.Build.0 = AppStore|iPhone
		{2CF50180-C78A-4C3F-95BD-C9D7CE8EC619}.AppStore|ARM.Deploy.0 = AppStore|iPhone
		{2CF50180-C78A-4C3F-95BD-C9D7CE8EC619}.AppStore|iPhone.ActiveCfg = AppStore|iPhone
		{2CF50180-C78A-4C3F-95BD-C9D7CE8EC619}.AppStore|iPhone.Build.0 = AppStore|iPhone
		{2CF50180-C78A-4C3F-95BD-C9D7CE8EC619}.AppStore|iPhone.Deploy.0 = AppStore|iPhone
		{2CF50180-C78A-4C3F-95BD-C9D7CE8EC619}.AppStore|iPhoneSimulator.ActiveCfg = AppStore|iPhoneSimulator
		{2CF50180-C78A-4C3F-95BD-C9D7CE8EC619}.AppStore|iPhoneSimulator.Build.0 = AppStore|iPhoneSimulator
		{2CF50180-C78A-4C3F-95BD-C9D7CE8EC619}.AppStore|iPhoneSimulator.Deploy.0 = AppStore|iPhoneSimulator
		{2CF50180-C78A-4C3F-95BD-C9D7CE8EC619}.AppStore|x64.ActiveCfg = AppStore|iPhone
		{2CF50180-C78A-4C3F-95BD-C9D7CE8EC619}.AppStore|x64.Build.0 = AppStore|iPhone
		{2CF50180-C78A-4C3F-95BD-C9D7CE8EC619}.AppStore|x64.Deploy.0 = AppStore|iPhone
		{2CF50180-C78A-4C3F-95BD-C9D7CE8EC619}.AppStore|x86.ActiveCfg = AppStore|iPhone
		{2CF50180-C78A-4C3F-95BD-C9D7CE8EC619}.AppStore|x86.Build.0 = AppStore|iPhone
		{2CF50180-C78A-4C3F-95BD-C9D7CE8EC619}.AppStore|x86.Deploy.0 = AppStore|iPhone
		{2CF50180-C78A-4C3F-95BD-C9D7CE8EC619}.Debug|Any CPU.ActiveCfg = Debug|iPhoneSimulator
		{2CF50180-C78A-4C3F-95BD-C9D7CE8EC619}.Debug|Any CPU.Build.0 = Debug|iPhoneSimulator
		{2CF50180-C78A-4C3F-95BD-C9D7CE8EC619}.Debug|Any CPU.Deploy.0 = Debug|iPhoneSimulator
		{2CF50180-C78A-4C3F-95BD-C9D7CE8EC619}.Debug|ARM.ActiveCfg = Debug|iPhone
		{2CF50180-C78A-4C3F-95BD-C9D7CE8EC619}.Debug|ARM.Build.0 = Debug|iPhone
		{2CF50180-C78A-4C3F-95BD-C9D7CE8EC619}.Debug|ARM.Deploy.0 = Debug|iPhone
		{2CF50180-C78A-4C3F-95BD-C9D7CE8EC619}.Debug|iPhone.ActiveCfg = Debug|iPhone
		{2CF50180-C78A-4C3F-95BD-C9D7CE8EC619}.Debug|iPhone.Build.0 = Debug|iPhone
		{2CF50180-C78A-4C3F-95BD-C9D7CE8EC619}.Debug|iPhone.Deploy.0 = Debug|iPhone
		{2CF50180-C78A-4C3F-95BD-C9D7CE8EC619}.Debug|iPhoneSimulator.ActiveCfg = Debug|iPhoneSimulator
		{2CF50180-C78A-4C3F-95BD-C9D7CE8EC619}.Debug|iPhoneSimulator.Build.0 = Debug|iPhoneSimulator
		{2CF50180-C78A-4C3F-95BD-C9D7CE8EC619}.Debug|iPhoneSimulator.Deploy.0 = Debug|iPhoneSimulator
		{2CF50180-C78A-4C3F-95BD-C9D7CE8EC619}.Debug|x64.ActiveCfg = Debug|iPhone
		{2CF50180-C78A-4C3F-95BD-C9D7CE8EC619}.Debug|x64.Build.0 = Debug|iPhone
		{2CF50180-C78A-4C3F-95BD-C9D7CE8EC619}.Debug|x64.Deploy.0 = Debug|iPhone
		{2CF50180-C78A-4C3F-95BD-C9D7CE8EC619}.Debug|x86.ActiveCfg = Debug|iPhone
		{2CF50180-C78A-4C3F-95BD-C9D7CE8EC619}.Debug|x86.Build.0 = Debug|iPhone
		{2CF50180-C78A-4C3F-95BD-C9D7CE8EC619}.Debug|x86.Deploy.0 = Debug|iPhone
		{2CF50180-C78A-4C3F-95BD-C9D7CE8EC619}.Release|Any CPU.ActiveCfg = Release|iPhone
		{2CF50180-C78A-4C3F-95BD-C9D7CE8EC619}.Release|Any CPU.Build.0 = Release|iPhone
		{2CF50180-C78A-4C3F-95BD-C9D7CE8EC619}.Release|Any CPU.Deploy.0 = Release|iPhone
		{2CF50180-C78A-4C3F-95BD-C9D7CE8EC619}.Release|ARM.ActiveCfg = Release|iPhone
		{2CF50180-C78A-4C3F-95BD-C9D7CE8EC619}.Release|ARM.Build.0 = Release|iPhone
		{2CF50180-C78A-4C3F-95BD-C9D7CE8EC619}.Release|ARM.Deploy.0 = Release|iPhone
		{2CF50180-C78A-4C3F-95BD-C9D7CE8EC619}.Release|iPhone.ActiveCfg = Release|iPhone
		{2CF50180-C78A-4C3F-95BD-C9D7CE8EC619}.Release|iPhone.Build.0 = Release|iPhone
		{2CF50180-C78A-4C3F-95BD-C9D7CE8EC619}.Release|iPhone.Deploy.0 = Release|iPhone
		{2CF50180-C78A-4C3F-95BD-C9D7CE8EC619}.Release|iPhoneSimulator.ActiveCfg = Release|iPhoneSimulator
		{2CF50180-C78A-4C3F-95BD-C9D7CE8EC619}.Release|iPhoneSimulator.Build.0 = Release|iPhoneSimulator
		{2CF50180-C78A-4C3F-95BD-C9D7CE8EC619}.Release|iPhoneSimulator.Deploy.0 = Release|iPhoneSimulator
		{2CF50180-C78A-4C3F-95BD-C9D7CE8EC619}.Release|x64.ActiveCfg = Release|iPhone
		{2CF50180-C78A-4C3F-95BD-C9D7CE8EC619}.Release|x64.Build.0 = Release|iPhone
		{2CF50180-C78A-4C3F-95BD-C9D7CE8EC619}.Release|x64.Deploy.0 = Release|iPhone
		{2CF50180-C78A-4C3F-95BD-C9D7CE8EC619}.Release|x86.ActiveCfg = Release|iPhone
		{2CF50180-C78A-4C3F-95BD-C9D7CE8EC619}.Release|x86.Build.0 = Release|iPhone
		{2CF50180-C78A-4C3F-95BD-C9D7CE8EC619}.Release|x86.Deploy.0 = Release|iPhone
		{5DE9E8DC-1842-494E-9403-E3C6DC0933ED}.Ad-Hoc|Any CPU.ActiveCfg = Release|x86
		{5DE9E8DC-1842-494E-9403-E3C6DC0933ED}.Ad-Hoc|Any CPU.Build.0 = Release|x86
		{5DE9E8DC-1842-494E-9403-E3C6DC0933ED}.Ad-Hoc|Any CPU.Deploy.0 = Release|x86
		{5DE9E8DC-1842-494E-9403-E3C6DC0933ED}.Ad-Hoc|ARM.ActiveCfg = Release|ARM
		{5DE9E8DC-1842-494E-9403-E3C6DC0933ED}.Ad-Hoc|ARM.Build.0 = Release|ARM
		{5DE9E8DC-1842-494E-9403-E3C6DC0933ED}.Ad-Hoc|ARM.Deploy.0 = Release|ARM
		{5DE9E8DC-1842-494E-9403-E3C6DC0933ED}.Ad-Hoc|iPhone.ActiveCfg = Release|x86
		{5DE9E8DC-1842-494E-9403-E3C6DC0933ED}.Ad-Hoc|iPhone.Build.0 = Release|x86
		{5DE9E8DC-1842-494E-9403-E3C6DC0933ED}.Ad-Hoc|iPhone.Deploy.0 = Release|x86
		{5DE9E8DC-1842-494E-9403-E3C6DC0933ED}.Ad-Hoc|iPhoneSimulator.ActiveCfg = Release|x86
		{5DE9E8DC-1842-494E-9403-E3C6DC0933ED}.Ad-Hoc|iPhoneSimulator.Build.0 = Release|x86
		{5DE9E8DC-1842-494E-9403-E3C6DC0933ED}.Ad-Hoc|iPhoneSimulator.Deploy.0 = Release|x86
		{5DE9E8DC-1842-494E-9403-E3C6DC0933ED}.Ad-Hoc|x64.ActiveCfg = Release|x64
		{5DE9E8DC-1842-494E-9403-E3C6DC0933ED}.Ad-Hoc|x64.Build.0 = Release|x64
		{5DE9E8DC-1842-494E-9403-E3C6DC0933ED}.Ad-Hoc|x64.Deploy.0 = Release|x64
		{5DE9E8DC-1842-494E-9403-E3C6DC0933ED}.Ad-Hoc|x86.ActiveCfg = Release|x86
		{5DE9E8DC-1842-494E-9403-E3C6DC0933ED}.Ad-Hoc|x86.Build.0 = Release|x86
		{5DE9E8DC-1842-494E-9403-E3C6DC0933ED}.Ad-Hoc|x86.Deploy.0 = Release|x86
		{5DE9E8DC-1842-494E-9403-E3C6DC0933ED}.AppStore|Any CPU.ActiveCfg = Release|x86
		{5DE9E8DC-1842-494E-9403-E3C6DC0933ED}.AppStore|Any CPU.Build.0 = Release|x86
		{5DE9E8DC-1842-494E-9403-E3C6DC0933ED}.AppStore|Any CPU.Deploy.0 = Release|x86
		{5DE9E8DC-1842-494E-9403-E3C6DC0933ED}.AppStore|ARM.ActiveCfg = Release|ARM
		{5DE9E8DC-1842-494E-9403-E3C6DC0933ED}.AppStore|ARM.Build.0 = Release|ARM
		{5DE9E8DC-1842-494E-9403-E3C6DC0933ED}.AppStore|ARM.Deploy.0 = Release|ARM
		{5DE9E8DC-1842-494E-9403-E3C6DC0933ED}.AppStore|iPhone.ActiveCfg = Release|x86
		{5DE9E8DC-1842-494E-9403-E3C6DC0933ED}.AppStore|iPhone.Build.0 = Release|x86
		{5DE9E8DC-1842-494E-9403-E3C6DC0933ED}.AppStore|iPhone.Deploy.0 = Release|x86
		{5DE9E8DC-1842-494E-9403-E3C6DC0933ED}.AppStore|iPhoneSimulator.ActiveCfg = Release|x86
		{5DE9E8DC-1842-494E-9403-E3C6DC0933ED}.AppStore|iPhoneSimulator.Build.0 = Release|x86
		{5DE9E8DC-1842-494E-9403-E3C6DC0933ED}.AppStore|iPhoneSimulator.Deploy.0 = Release|x86
		{5DE9E8DC-1842-494E-9403-E3C6DC0933ED}.AppStore|x64.ActiveCfg = Release|x64
		{5DE9E8DC-1842-494E-9403-E3C6DC0933ED}.AppStore|x64.Build.0 = Release|x64
		{5DE9E8DC-1842-494E-9403-E3C6DC0933ED}.AppStore|x64.Deploy.0 = Release|x64
		{5DE9E8DC-1842-494E-9403-E3C6DC0933ED}.AppStore|x86.ActiveCfg = Release|x86
		{5DE9E8DC-1842-494E-9403-E3C6DC0933ED}.AppStore|x86.Build.0 = Release|x86
		{5DE9E8DC-1842-494E-9403-E3C6DC0933ED}.AppStore|x86.Deploy.0 = Release|x86
		{5DE9E8DC-1842-494E-9403-E3C6DC0933ED}.Debug|Any CPU.ActiveCfg = Debug|x86
		{5DE9E8DC-1842-494E-9403-E3C6DC0933ED}.Debug|Any CPU.Build.0 = Debug|x86
		{5DE9E8DC-1842-494E-9403-E3C6DC0933ED}.Debug|Any CPU.Deploy.0 = Debug|x86
		{5DE9E8DC-1842-494E-9403-E3C6DC0933ED}.Debug|ARM.ActiveCfg = Debug|ARM
		{5DE9E8DC-1842-494E-9403-E3C6DC0933ED}.Debug|ARM.Build.0 = Debug|ARM
		{5DE9E8DC-1842-494E-9403-E3C6DC0933ED}.Debug|ARM.Deploy.0 = Debug|ARM
		{5DE9E8DC-1842-494E-9403-E3C6DC0933ED}.Debug|iPhone.ActiveCfg = Debug|x86
		{5DE9E8DC-1842-494E-9403-E3C6DC0933ED}.Debug|iPhone.Build.0 = Debug|x86
		{5DE9E8DC-1842-494E-9403-E3C6DC0933ED}.Debug|iPhone.Deploy.0 = Debug|x86
		{5DE9E8DC-1842-494E-9403-E3C6DC0933ED}.Debug|iPhoneSimulator.ActiveCfg = Debug|x86
		{5DE9E8DC-1842-494E-9403-E3C6DC0933ED}.Debug|iPhoneSimulator.Build.0 = Debug|x86
		{5DE9E8DC-1842-494E-9403-E3C6DC0933ED}.Debug|iPhoneSimulator.Deploy.0 = Debug|x86
		{5DE9E8DC-1842-494E-9403-E3C6DC0933ED}.Debug|x64.ActiveCfg = Debug|x64
		{5DE9E8DC-1842-494E-9403-E3C6DC0933ED}.Debug|x64.Build.0 = Debug|x64
		{5DE9E8DC-1842-494E-9403-E3C6DC0933ED}.Debug|x64.Deploy.0 = Debug|x64
		{5DE9E8DC-1842-494E-9403-E3C6DC0933ED}.Debug|x86.ActiveCfg = Debug|x86
		{5DE9E8DC-1842-494E-9403-E3C6DC0933ED}.Debug|x86.Build.0 = Debug|x86
		{5DE9E8DC-1842-494E-9403-E3C6DC0933ED}.Debug|x86.Deploy.0 = Debug|x86
		{5DE9E8DC-1842-494E-9403-E3C6DC0933ED}.Release|Any CPU.ActiveCfg = Release|x86
		{5DE9E8DC-1842-494E-9403-E3C6DC0933ED}.Release|Any CPU.Build.0 = Release|x86
		{5DE9E8DC-1842-494E-9403-E3C6DC0933ED}.Release|Any CPU.Deploy.0 = Release|x86
		{5DE9E8DC-1842-494E-9403-E3C6DC0933ED}.Release|ARM.ActiveCfg = Release|ARM
		{5DE9E8DC-1842-494E-9403-E3C6DC0933ED}.Release|ARM.Build.0 = Release|ARM
		{5DE9E8DC-1842-494E-9403-E3C6DC0933ED}.Release|ARM.Deploy.0 = Release|ARM
		{5DE9E8DC-1842-494E-9403-E3C6DC0933ED}.Release|iPhone.ActiveCfg = Release|x86
		{5DE9E8DC-1842-494E-9403-E3C6DC0933ED}.Release|iPhone.Build.0 = Release|x86
		{5DE9E8DC-1842-494E-9403-E3C6DC0933ED}.Release|iPhone.Deploy.0 = Release|x86
		{5DE9E8DC-1842-494E-9403-E3C6DC0933ED}.Release|iPhoneSimulator.ActiveCfg = Release|x86
		{5DE9E8DC-1842-494E-9403-E3C6DC0933ED}.Release|iPhoneSimulator.Build.0 = Release|x86
		{5DE9E8DC-1842-494E-9403-E3C6DC0933ED}.Release|iPhoneSimulator.Deploy.0 = Release|x86
		{5DE9E8DC-1842-494E-9403-E3C6DC0933ED}.Release|x64.ActiveCfg = Release|x64
		{5DE9E8DC-1842-494E-9403-E3C6DC0933ED}.Release|x64.Build.0 = Release|x64
		{5DE9E8DC-1842-494E-9403-E3C6DC0933ED}.Release|x64.Deploy.0 = Release|x64
		{5DE9E8DC-1842-494E-9403-E3C6DC0933ED}.Release|x86.ActiveCfg = Release|x86
		{5DE9E8DC-1842-494E-9403-E3C6DC0933ED}.Release|x86.Build.0 = Release|x86
		{5DE9E8DC-1842-494E-9403-E3C6DC0933ED}.Release|x86.Deploy.0 = Release|x86
		{CEBBBD41-B0FF-4373-9C59-7D7783252AC2}.Ad-Hoc|Any CPU.ActiveCfg = Debug|Any CPU
		{CEBBBD41-B0FF-4373-9C59-7D7783252AC2}.Ad-Hoc|Any CPU.Build.0 = Debug|Any CPU
		{CEBBBD41-B0FF-4373-9C59-7D7783252AC2}.Ad-Hoc|Any CPU.Deploy.0 = Debug|Any CPU
		{CEBBBD41-B0FF-4373-9C59-7D7783252AC2}.Ad-Hoc|ARM.ActiveCfg = Debug|Any CPU
		{CEBBBD41-B0FF-4373-9C59-7D7783252AC2}.Ad-Hoc|ARM.Build.0 = Debug|Any CPU
		{CEBBBD41-B0FF-4373-9C59-7D7783252AC2}.Ad-Hoc|ARM.Deploy.0 = Debug|Any CPU
		{CEBBBD41-B0FF-4373-9C59-7D7783252AC2}.Ad-Hoc|iPhone.ActiveCfg = Debug|Any CPU
		{CEBBBD41-B0FF-4373-9C59-7D7783252AC2}.Ad-Hoc|iPhone.Build.0 = Debug|Any CPU
		{CEBBBD41-B0FF-4373-9C59-7D7783252AC2}.Ad-Hoc|iPhone.Deploy.0 = Debug|Any CPU
		{CEBBBD41-B0FF-4373-9C59-7D7783252AC2}.Ad-Hoc|iPhoneSimulator.ActiveCfg = Debug|Any CPU
		{CEBBBD41-B0FF-4373-9C59-7D7783252AC2}.Ad-Hoc|iPhoneSimulator.Build.0 = Debug|Any CPU
		{CEBBBD41-B0FF-4373-9C59-7D7783252AC2}.Ad-Hoc|iPhoneSimulator.Deploy.0 = Debug|Any CPU
		{CEBBBD41-B0FF-4373-9C59-7D7783252AC2}.Ad-Hoc|x64.ActiveCfg = Debug|Any CPU
		{CEBBBD41-B0FF-4373-9C59-7D7783252AC2}.Ad-Hoc|x64.Build.0 = Debug|Any CPU
		{CEBBBD41-B0FF-4373-9C59-7D7783252AC2}.Ad-Hoc|x64.Deploy.0 = Debug|Any CPU
		{CEBBBD41-B0FF-4373-9C59-7D7783252AC2}.Ad-Hoc|x86.ActiveCfg = Debug|Any CPU
		{CEBBBD41-B0FF-4373-9C59-7D7783252AC2}.Ad-Hoc|x86.Build.0 = Debug|Any CPU
		{CEBBBD41-B0FF-4373-9C59-7D7783252AC2}.Ad-Hoc|x86.Deploy.0 = Debug|Any CPU
		{CEBBBD41-B0FF-4373-9C59-7D7783252AC2}.AppStore|Any CPU.ActiveCfg = Debug|Any CPU
		{CEBBBD41-B0FF-4373-9C59-7D7783252AC2}.AppStore|Any CPU.Build.0 = Debug|Any CPU
		{CEBBBD41-B0FF-4373-9C59-7D7783252AC2}.AppStore|Any CPU.Deploy.0 = Debug|Any CPU
		{CEBBBD41-B0FF-4373-9C59-7D7783252AC2}.AppStore|ARM.ActiveCfg = Debug|Any CPU
		{CEBBBD41-B0FF-4373-9C59-7D7783252AC2}.AppStore|ARM.Build.0 = Debug|Any CPU
		{CEBBBD41-B0FF-4373-9C59-7D7783252AC2}.AppStore|ARM.Deploy.0 = Debug|Any CPU
		{CEBBBD41-B0FF-4373-9C59-7D7783252AC2}.AppStore|iPhone.ActiveCfg = Debug|Any CPU
		{CEBBBD41-B0FF-4373-9C59-7D7783252AC2}.AppStore|iPhone.Build.0 = Debug|Any CPU
		{CEBBBD41-B0FF-4373-9C59-7D7783252AC2}.AppStore|iPhone.Deploy.0 = Debug|Any CPU
		{CEBBBD41-B0FF-4373-9C59-7D7783252AC2}.AppStore|iPhoneSimulator.ActiveCfg = Debug|Any CPU
		{CEBBBD41-B0FF-4373-9C59-7D7783252AC2}.AppStore|iPhoneSimulator.Build.0 = Debug|Any CPU
		{CEBBBD41-B0FF-4373-9C59-7D7783252AC2}.AppStore|iPhoneSimulator.Deploy.0 = Debug|Any CPU
		{CEBBBD41-B0FF-4373-9C59-7D7783252AC2}.AppStore|x64.ActiveCfg = Debug|Any CPU
		{CEBBBD41-B0FF-4373-9C59-7D7783252AC2}.AppStore|x64.Build.0 = Debug|Any CPU
		{CEBBBD41-B0FF-4373-9C59-7D7783252AC2}.AppStore|x64.Deploy.0 = Debug|Any CPU
		{CEBBBD41-B0FF-4373-9C59-7D7783252AC2}.AppStore|x86.ActiveCfg = Debug|Any CPU
		{CEBBBD41-B0FF-4373-9C59-7D7783252AC2}.AppStore|x86.Build.0 = Debug|Any CPU
		{CEBBBD41-B0FF-4373-9C59-7D7783252AC2}.AppStore|x86.Deploy.0 = Debug|Any CPU
		{CEBBBD41-B0FF-4373-9C59-7D7783252AC2}.Debug|Any CPU.ActiveCfg = Debug|Any CPU
		{CEBBBD41-B0FF-4373-9C59-7D7783252AC2}.Debug|Any CPU.Build.0 = Debug|Any CPU
		{CEBBBD41-B0FF-4373-9C59-7D7783252AC2}.Debug|Any CPU.Deploy.0 = Debug|Any CPU
		{CEBBBD41-B0FF-4373-9C59-7D7783252AC2}.Debug|ARM.ActiveCfg = Debug|Any CPU
		{CEBBBD41-B0FF-4373-9C59-7D7783252AC2}.Debug|ARM.Build.0 = Debug|Any CPU
		{CEBBBD41-B0FF-4373-9C59-7D7783252AC2}.Debug|ARM.Deploy.0 = Debug|Any CPU
		{CEBBBD41-B0FF-4373-9C59-7D7783252AC2}.Debug|iPhone.ActiveCfg = Debug|Any CPU
		{CEBBBD41-B0FF-4373-9C59-7D7783252AC2}.Debug|iPhone.Build.0 = Debug|Any CPU
		{CEBBBD41-B0FF-4373-9C59-7D7783252AC2}.Debug|iPhone.Deploy.0 = Debug|Any CPU
		{CEBBBD41-B0FF-4373-9C59-7D7783252AC2}.Debug|iPhoneSimulator.ActiveCfg = Debug|Any CPU
		{CEBBBD41-B0FF-4373-9C59-7D7783252AC2}.Debug|iPhoneSimulator.Build.0 = Debug|Any CPU
		{CEBBBD41-B0FF-4373-9C59-7D7783252AC2}.Debug|iPhoneSimulator.Deploy.0 = Debug|Any CPU
		{CEBBBD41-B0FF-4373-9C59-7D7783252AC2}.Debug|x64.ActiveCfg = Debug|Any CPU
		{CEBBBD41-B0FF-4373-9C59-7D7783252AC2}.Debug|x64.Build.0 = Debug|Any CPU
		{CEBBBD41-B0FF-4373-9C59-7D7783252AC2}.Debug|x64.Deploy.0 = Debug|Any CPU
		{CEBBBD41-B0FF-4373-9C59-7D7783252AC2}.Debug|x86.ActiveCfg = Debug|Any CPU
		{CEBBBD41-B0FF-4373-9C59-7D7783252AC2}.Debug|x86.Build.0 = Debug|Any CPU
		{CEBBBD41-B0FF-4373-9C59-7D7783252AC2}.Debug|x86.Deploy.0 = Debug|Any CPU
		{CEBBBD41-B0FF-4373-9C59-7D7783252AC2}.Release|Any CPU.ActiveCfg = Release|Any CPU
		{CEBBBD41-B0FF-4373-9C59-7D7783252AC2}.Release|Any CPU.Build.0 = Release|Any CPU
		{CEBBBD41-B0FF-4373-9C59-7D7783252AC2}.Release|Any CPU.Deploy.0 = Release|Any CPU
		{CEBBBD41-B0FF-4373-9C59-7D7783252AC2}.Release|ARM.ActiveCfg = Release|Any CPU
		{CEBBBD41-B0FF-4373-9C59-7D7783252AC2}.Release|ARM.Build.0 = Release|Any CPU
		{CEBBBD41-B0FF-4373-9C59-7D7783252AC2}.Release|ARM.Deploy.0 = Release|Any CPU
		{CEBBBD41-B0FF-4373-9C59-7D7783252AC2}.Release|iPhone.ActiveCfg = Release|Any CPU
		{CEBBBD41-B0FF-4373-9C59-7D7783252AC2}.Release|iPhone.Build.0 = Release|Any CPU
		{CEBBBD41-B0FF-4373-9C59-7D7783252AC2}.Release|iPhone.Deploy.0 = Release|Any CPU
		{CEBBBD41-B0FF-4373-9C59-7D7783252AC2}.Release|iPhoneSimulator.ActiveCfg = Release|Any CPU
		{CEBBBD41-B0FF-4373-9C59-7D7783252AC2}.Release|iPhoneSimulator.Build.0 = Release|Any CPU
		{CEBBBD41-B0FF-4373-9C59-7D7783252AC2}.Release|iPhoneSimulator.Deploy.0 = Release|Any CPU
		{CEBBBD41-B0FF-4373-9C59-7D7783252AC2}.Release|x64.ActiveCfg = Release|Any CPU
		{CEBBBD41-B0FF-4373-9C59-7D7783252AC2}.Release|x64.Build.0 = Release|Any CPU
		{CEBBBD41-B0FF-4373-9C59-7D7783252AC2}.Release|x64.Deploy.0 = Release|Any CPU
		{CEBBBD41-B0FF-4373-9C59-7D7783252AC2}.Release|x86.ActiveCfg = Release|Any CPU
		{CEBBBD41-B0FF-4373-9C59-7D7783252AC2}.Release|x86.Build.0 = Release|Any CPU
		{CEBBBD41-B0FF-4373-9C59-7D7783252AC2}.Release|x86.Deploy.0 = Release|Any CPU
	EndGlobalSection
	GlobalSection(SolutionProperties) = preSolution
		HideSolutionNode = FALSE
	EndGlobalSection
	GlobalSection(ExtensibilityGlobals) = postSolution
		SolutionGuid = {ACF61CB8-177B-4EEA-AA33-8716072FA502}
	EndGlobalSection
EndGlobal
